
Microsoft Visual Studio Solution File, Format Version 12.00
# Visual Studio Version 16
VisualStudioVersion = 16.0.30114.105
MinimumVisualStudioVersion = 10.0.40219.1
Project("{FAE04EC0-301F-11D3-BF4B-00C04F79EFBC}") = "WebAPI", "WebAPI\WebAPI.csproj", "{DF7E65DF-81E8-4FDA-8B97-A21A55D3F99A}"
EndProject
Global
	GlobalSection(SolutionConfigurationPlatforms) = preSolution
		Debug|Any CPU = Debug|Any CPU
		Release|Any CPU = Release|Any CPU
	EndGlobalSection
	GlobalSection(ProjectConfigurationPlatforms) = postSolution
		{DF7E65DF-81E8-4FDA-8B97-A21A55D3F99A}.Debug|Any CPU.ActiveCfg = Debug|Any CPU
		{DF7E65DF-81E8-4FDA-8B97-A21A55D3F99A}.Debug|Any CPU.Build.0 = Debug|Any CPU
		{DF7E65DF-81E8-4FDA-8B97-A21A55D3F99A}.Release|Any CPU.ActiveCfg = Release|Any CPU
		{DF7E65DF-81E8-4FDA-8B97-A21A55D3F99A}.Release|Any CPU.Build.0 = Release|Any CPU
	EndGlobalSection
	GlobalSection(SolutionProperties) = preSolution
		HideSolutionNode = FALSE
	EndGlobalSection
	GlobalSection(ExtensibilityGlobals) = postSolution
		SolutionGuid = {109D694C-DB8A-4CDE-8906-F007044E3DED}
	EndGlobalSection
EndGlobal
